
Microsoft Visual Studio Solution File, Format Version 12.00
Project("{2150E333-8FDC-42A3-9474-1A3956D46DE8}") = "src", "src", "{1EAD9BD6-7AEF-4A83-B9DF-28D0543AE7E0}"
EndProject
Project("{2150E333-8FDC-42A3-9474-1A3956D46DE8}") = "tests", "tests", "{FF97492E-75BE-425B-B2E1-389D6820B9D4}"
EndProject
Project("{FAE04EC0-301F-11D3-BF4B-00C04F79EFBC}") = "Ticketing.Domain", "src\Ticketing.Domain\Ticketing.Domain.csproj", "{EAC4675A-6B50-45A3-940B-585D1C0B642F}"
EndProject
Global
	GlobalSection(SolutionConfigurationPlatforms) = preSolution
		Debug|Any CPU = Debug|Any CPU
		Release|Any CPU = Release|Any CPU
	EndGlobalSection
	GlobalSection(NestedProjects) = preSolution
		{EAC4675A-6B50-45A3-940B-585D1C0B642F} = {1EAD9BD6-7AEF-4A83-B9DF-28D0543AE7E0}
	EndGlobalSection
	GlobalSection(ProjectConfigurationPlatforms) = postSolution
		{EAC4675A-6B50-45A3-940B-585D1C0B642F}.Debug|Any CPU.ActiveCfg = Debug|Any CPU
		{EAC4675A-6B50-45A3-940B-585D1C0B642F}.Debug|Any CPU.Build.0 = Debug|Any CPU
		{EAC4675A-6B50-45A3-940B-585D1C0B642F}.Release|Any CPU.ActiveCfg = Release|Any CPU
		{EAC4675A-6B50-45A3-940B-585D1C0B642F}.Release|Any CPU.Build.0 = Release|Any CPU
	EndGlobalSection
EndGlobal
